// !$*UTF8*$!
{
	archiveVersion = 1;
	classes = {
	};
	objectVersion = 46;
	objects = {

/* Begin PBXBuildFile section */
		95A2018F1F16B999003030B6 /* AppDelegate.swift in Sources */ = {isa = PBXBuildFile; fileRef = 95A2018E1F16B999003030B6 /* AppDelegate.swift */; };
		95A201911F16B999003030B6 /* ViewController.swift in Sources */ = {isa = PBXBuildFile; fileRef = 95A201901F16B999003030B6 /* ViewController.swift */; };
		95A201941F16B999003030B6 /* Main.storyboard in Resources */ = {isa = PBXBuildFile; fileRef = 95A201921F16B999003030B6 /* Main.storyboard */; };
		95A201971F16B999003030B6 /* TestAppWithLab.xcdatamodeld in Sources */ = {isa = PBXBuildFile; fileRef = 95A201951F16B999003030B6 /* TestAppWithLab.xcdatamodeld */; };
		95A201991F16B999003030B6 /* Assets.xcassets in Resources */ = {isa = PBXBuildFile; fileRef = 95A201981F16B999003030B6 /* Assets.xcassets */; };
		95A2019C1F16B999003030B6 /* LaunchScreen.storyboard in Resources */ = {isa = PBXBuildFile; fileRef = 95A2019A1F16B999003030B6 /* LaunchScreen.storyboard */; };
/* End PBXBuildFile section */

/* Begin PBXFileReference section */
		95A2018B1F16B999003030B6 /* TestAppWithLab.app */ = {isa = PBXFileReference; explicitFileType = wrapper.application; includeInIndex = 0; path = TestAppWithLab.app; sourceTree = BUILT_PRODUCTS_DIR; };
		95A2018E1F16B999003030B6 /* AppDelegate.swift */ = {isa = PBXFileReference; lastKnownFileType = sourcecode.swift; path = AppDelegate.swift; sourceTree = "<group>"; };
		95A201901F16B999003030B6 /* ViewController.swift */ = {isa = PBXFileReference; lastKnownFileType = sourcecode.swift; path = ViewController.swift; sourceTree = "<group>"; };
		95A201931F16B999003030B6 /* Base */ = {isa = PBXFileReference; lastKnownFileType = file.storyboard; name = Base; path = Base.lproj/Main.storyboard; sourceTree = "<group>"; };
		95A201961F16B999003030B6 /* TestAppWithLab.xcdatamodel */ = {isa = PBXFileReference; lastKnownFileType = wrapper.xcdatamodel; path = TestAppWithLab.xcdatamodel; sourceTree = "<group>"; };
		95A201981F16B999003030B6 /* Assets.xcassets */ = {isa = PBXFileReference; lastKnownFileType = folder.assetcatalog; path = Assets.xcassets; sourceTree = "<group>"; };
		95A2019B1F16B999003030B6 /* Base */ = {isa = PBXFileReference; lastKnownFileType = file.storyboard; name = Base; path = Base.lproj/LaunchScreen.storyboard; sourceTree = "<group>"; };
		95A2019D1F16B999003030B6 /* Info.plist */ = {isa = PBXFileReference; lastKnownFileType = text.plist.xml; path = Info.plist; sourceTree = "<group>"; };
/* End PBXFileReference section */

/* Begin PBXFrameworksBuildPhase section */
		95A201881F16B999003030B6 /* Frameworks */ = {
			isa = PBXFrameworksBuildPhase;
			buildActionMask = 2147483647;
			files = (
			);
			runOnlyForDeploymentPostprocessing = 0;
		};
/* End PBXFrameworksBuildPhase section */

/* Begin PBXGroup section */
		95A201821F16B999003030B6 = {
			isa = PBXGroup;
			children = (
				95A2018D1F16B999003030B6 /* TestAppWithLab */,
				95A2018C1F16B999003030B6 /* Products */,
			);
			sourceTree = "<group>";
		};
		95A2018C1F16B999003030B6 /* Products */ = {
			isa = PBXGroup;
			children = (
				95A2018B1F16B999003030B6 /* TestAppWithLab.app */,
			);
			name = Products;
			sourceTree = "<group>";
		};
		95A2018D1F16B999003030B6 /* TestAppWithLab */ = {
			isa = PBXGroup;
			children = (
				95A2018E1F16B999003030B6 /* AppDelegate.swift */,
				95A201901F16B999003030B6 /* ViewController.swift */,
				95A201921F16B999003030B6 /* Main.storyboard */,
				95A201981F16B999003030B6 /* Assets.xcassets */,
				95A2019A1F16B999003030B6 /* LaunchScreen.storyboard */,
				95A2019D1F16B999003030B6 /* Info.plist */,
				95A201951F16B999003030B6 /* TestAppWithLab.xcdatamodeld */,
			);
			path = TestAppWithLab;
			sourceTree = "<group>";
		};
/* End PBXGroup section */

/* Begin PBXNativeTarget section */
		95A2018A1F16B999003030B6 /* TestAppWithLab */ = {
			isa = PBXNativeTarget;
			buildConfigurationList = 95A201A01F16B999003030B6 /* Build configuration list for PBXNativeTarget "TestAppWithLab" */;
			buildPhases = (
				95A201871F16B999003030B6 /* Sources */,
				95A201881F16B999003030B6 /* Frameworks */,
				95A201891F16B999003030B6 /* Resources */,
			);
			buildRules = (
			);
			dependencies = (
			);
			name = TestAppWithLab;
			productName = TestAppWithLab;
			productReference = 95A2018B1F16B999003030B6 /* TestAppWithLab.app */;
			productType = "com.apple.product-type.application";
		};
/* End PBXNativeTarget section */

/* Begin PBXProject section */
		95A201831F16B999003030B6 /* Project object */ = {
			isa = PBXProject;
			attributes = {
				LastSwiftUpdateCheck = 0830;
				LastUpgradeCheck = 0830;
				ORGANIZATIONNAME = "Anna Romanenko";
				TargetAttributes = {
					95A2018A1F16B999003030B6 = {
						CreatedOnToolsVersion = 8.3.3;
						ProvisioningStyle = Automatic;
					};
				};
			};
			buildConfigurationList = 95A201861F16B999003030B6 /* Build configuration list for PBXProject "TestAppWithLab" */;
			compatibilityVersion = "Xcode 3.2";
			developmentRegion = English;
			hasScannedForEncodings = 0;
			knownRegions = (
				en,
				Base,
			);
			mainGroup = 95A201821F16B999003030B6;
			productRefGroup = 95A2018C1F16B999003030B6 /* Products */;
			projectDirPath = "";
			projectRoot = "";
			targets = (
				95A2018A1F16B999003030B6 /* TestAppWithLab */,
			);
		};
/* End PBXProject section */

/* Begin PBXResourcesBuildPhase section */
		95A201891F16B999003030B6 /* Resources */ = {
			isa = PBXResourcesBuildPhase;
			buildActionMask = 2147483647;
			files = (
				95A2019C1F16B999003030B6 /* LaunchScreen.storyboard in Resources */,
				95A201991F16B999003030B6 /* Assets.xcassets in Resources */,
				95A201941F16B999003030B6 /* Main.storyboard in Resources */,
			);
			runOnlyForDeploymentPostprocessing = 0;
		};
/* End PBXResourcesBuildPhase section */

/* Begin PBXSourcesBuildPhase section */
		95A201871F16B999003030B6 /* Sources */ = {
			isa = PBXSourcesBuildPhase;
			buildActionMask = 2147483647;
			files = (
				95A201911F16B999003030B6 /* ViewController.swift in Sources */,
				95A201971F16B999003030B6 /* TestAppWithLab.xcdatamodeld in Sources */,
				95A2018F1F16B999003030B6 /* AppDelegate.swift in Sources */,
			);
			runOnlyForDeploymentPostprocessing = 0;
		};
/* End PBXSourcesBuildPhase section */

/* Begin PBXVariantGroup section */
		95A201921F16B999003030B6 /* Main.storyboard */ = {
			isa = PBXVariantGroup;
			children = (
				95A201931F16B999003030B6 /* Base */,
			);
			name = Main.storyboard;
			sourceTree = "<group>";
		};
		95A2019A1F16B999003030B6 /* LaunchScreen.storyboard */ = {
			isa = PBXVariantGroup;
			children = (
				95A2019B1F16B999003030B6 /* Base */,
			);
			name = LaunchScreen.storyboard;
			sourceTree = "<group>";
		};
/* End PBXVariantGroup section */

/* Begin XCBuildConfiguration section */
		95A2019E1F16B999003030B6 /* Debug */ = {
			isa = XCBuildConfiguration;
			buildSettings = {
				ALWAYS_SEARCH_USER_PATHS = NO;
				CLANG_ANALYZER_NONNULL = YES;
				CLANG_ANALYZER_NUMBER_OBJECT_CONVERSION = YES_AGGRESSIVE;
				CLANG_CXX_LANGUAGE_STANDARD = "gnu++0x";
				CLANG_CXX_LIBRARY = "libc++";
				CLANG_ENABLE_MODULES = YES;
				CLANG_ENABLE_OBJC_ARC = YES;
				CLANG_WARN_BOOL_CONVERSION = YES;
				CLANG_WARN_CONSTANT_CONVERSION = YES;
				CLANG_WARN_DIRECT_OBJC_ISA_USAGE = YES_ERROR;
				CLANG_WARN_DOCUMENTATION_COMMENTS = YES;
				CLANG_WARN_EMPTY_BODY = YES;
				CLANG_WARN_ENUM_CONVERSION = YES;
				CLANG_WARN_INFINITE_RECURSION = YES;
				CLANG_WARN_INT_CONVERSION = YES;
				CLANG_WARN_OBJC_ROOT_CLASS = YES_ERROR;
				CLANG_WARN_SUSPICIOUS_MOVE = YES;
				CLANG_WARN_UNREACHABLE_CODE = YES;
				CLANG_WARN__DUPLICATE_METHOD_MATCH = YES;
				"CODE_SIGN_IDENTITY[sdk=iphoneos*]" = "iPhone Developer";
				COPY_PHASE_STRIP = NO;
				DEBUG_INFORMATION_FORMAT = dwarf;
				ENABLE_STRICT_OBJC_MSGSEND = YES;
				ENABLE_TESTABILITY = YES;
				GCC_C_LANGUAGE_STANDARD = gnu99;
				GCC_DYNAMIC_NO_PIC = NO;
				GCC_NO_COMMON_BLOCKS = YES;
				GCC_OPTIMIZATION_LEVEL = 0;
				GCC_PREPROCESSOR_DEFINITIONS = (
					"DEBUG=1",
					"$(inherited)",
				);
				GCC_WARN_64_TO_32_BIT_CONVERSION = YES;
				GCC_WARN_ABOUT_RETURN_TYPE = YES_ERROR;
				GCC_WARN_UNDECLARED_SELECTOR = YES;
				GCC_WARN_UNINITIALIZED_AUTOS = YES_AGGRESSIVE;
				GCC_WARN_UNUSED_FUNCTION = YES;
				GCC_WARN_UNUSED_VARIABLE = YES;
				IPHONEOS_DEPLOYMENT_TARGET = 10.3;
				MTL_ENABLE_DEBUG_INFO = YES;
				ONLY_ACTIVE_ARCH = YES;
				SDKROOT = iphoneos;
				SWIFT_ACTIVE_COMPILATION_CONDITIONS = DEBUG;
				SWIFT_OPTIMIZATION_LEVEL = "-Onone";
			};
			name = Debug;
		};
		95A2019F1F16B999003030B6 /* Release */ = {
			isa = XCBuildConfiguration;
			buildSettings = {
				ALWAYS_SEARCH_USER_PATHS = NO;
				CLANG_ANALYZER_NONNULL = YES;
				CLANG_ANALYZER_NUMBER_OBJECT_CONVERSION = YES_AGGRESSIVE;
				CLANG_CXX_LANGUAGE_STANDARD = "gnu++0x";
				CLANG_CXX_LIBRARY = "libc++";
				CLANG_ENABLE_MODULES = YES;
				CLANG_ENABLE_OBJC_ARC = YES;
				CLANG_WARN_BOOL_CONVERSION = YES;
				CLANG_WARN_CONSTANT_CONVERSION = YES;
				CLANG_WARN_DIRECT_OBJC_ISA_USAGE = YES_ERROR;
				CLANG_WARN_DOCUMENTATION_COMMENTS = YES;
				CLANG_WARN_EMPTY_BODY = YES;
				CLANG_WARN_ENUM_CONVERSION = YES;
				CLANG_WARN_INFINITE_RECURSION = YES;
				CLANG_WARN_INT_CONVERSION = YES;
				CLANG_WARN_OBJC_ROOT_CLASS = YES_ERROR;
				CLANG_WARN_SUSPICIOUS_MOVE = YES;
				CLANG_WARN_UNREACHABLE_CODE = YES;
				CLANG_WARN__DUPLICATE_METHOD_MATCH = YES;
				"CODE_SIGN_IDENTITY[sdk=iphoneos*]" = "iPhone Developer";
				COPY_PHASE_STRIP = NO;
				DEBUG_INFORMATION_FORMAT = "dwarf-with-dsym";
				ENABLE_NS_ASSERTIONS = NO;
				ENABLE_STRICT_OBJC_MSGSEND = YES;
				GCC_C_LANGUAGE_STANDARD = gnu99;
				GCC_NO_COMMON_BLOCKS = YES;
				GCC_WARN_64_TO_32_BIT_CONVERSION = YES;
				GCC_WARN_ABOUT_RETURN_TYPE = YES_ERROR;
				GCC_WARN_UNDECLARED_SELECTOR = YES;
				GCC_WARN_UNINITIALIZED_AUTOS = YES_AGGRESSIVE;
				GCC_WARN_UNUSED_FUNCTION = YES;
				GCC_WARN_UNUSED_VARIABLE = YES;
				IPHONEOS_DEPLOYMENT_TARGET = 10.3;
				MTL_ENABLE_DEBUG_INFO = NO;
				SDKROOT = iphoneos;
				SWIFT_OPTIMIZATION_LEVEL = "-Owholemodule";
				VALIDATE_PRODUCT = YES;
			};
			name = Release;
		};
		95A201A11F16B999003030B6 /* Debug */ = {
			isa = XCBuildConfiguration;
			buildSettings = {
				ASSETCATALOG_COMPILER_APPICON_NAME = AppIcon;
				INFOPLIST_FILE = TestAppWithLab/Info.plist;
				LD_RUNPATH_SEARCH_PATHS = "$(inherited) @executable_path/Frameworks";
				PRODUCT_BUNDLE_IDENTIFIER = swift.TestAppWithLab;
				PRODUCT_NAME = "$(TARGET_NAME)";
				SWIFT_VERSION = 3.0;
			};
			name = Debug;
		};
		95A201A21F16B999003030B6 /* Release */ = {
			isa = XCBuildConfiguration;
			buildSettings = {
				ASSETCATALOG_COMPILER_APPICON_NAME = AppIcon;
				INFOPLIST_FILE = TestAppWithLab/Info.plist;
				LD_RUNPATH_SEARCH_PATHS = "$(inherited) @executable_path/Frameworks";
				PRODUCT_BUNDLE_IDENTIFIER = swift.TestAppWithLab;
				PRODUCT_NAME = "$(TARGET_NAME)";
				SWIFT_VERSION = 3.0;
			};
			name = Release;
		};
/* End XCBuildConfiguration section */

/* Begin XCConfigurationList section */
		95A201861F16B999003030B6 /* Build configuration list for PBXProject "TestAppWithLab" */ = {
			isa = XCConfigurationList;
			buildConfigurations = (
				95A2019E1F16B999003030B6 /* Debug */,
				95A2019F1F16B999003030B6 /* Release */,
			);
			defaultConfigurationIsVisible = 0;
			defaultConfigurationName = Release;
		};
		95A201A01F16B999003030B6 /* Build configuration list for PBXNativeTarget "TestAppWithLab" */ = {
			isa = XCConfigurationList;
			buildConfigurations = (
				95A201A11F16B999003030B6 /* Debug */,
				95A201A21F16B999003030B6 /* Release */,
			);
			defaultConfigurationIsVisible = 0;
		};
/* End XCConfigurationList section */

/* Begin XCVersionGroup section */
		95A201951F16B999003030B6 /* TestAppWithLab.xcdatamodeld */ = {
			isa = XCVersionGroup;
			children = (
				95A201961F16B999003030B6 /* TestAppWithLab.xcdatamodel */,
			);
			currentVersion = 95A201961F16B999003030B6 /* TestAppWithLab.xcdatamodel */;
			path = TestAppWithLab.xcdatamodeld;
			sourceTree = "<group>";
			versionGroupType = wrapper.xcdatamodel;
		};
/* End XCVersionGroup section */
	};
	rootObject = 95A201831F16B999003030B6 /* Project object */;
}
